
Microsoft Visual Studio Solution File, Format Version 12.00
# Visual Studio 15
VisualStudioVersion = 15.0.28307.705
MinimumVisualStudioVersion = 10.0.40219.1
Project("{FAE04EC0-301F-11D3-BF4B-00C04F79EFBC}") = "Hello World", "Hello World\Hello World.csproj", "{D2F53A96-B013-4A9F-91D8-2DAF17090D43}"
EndProject
Project("{FAE04EC0-301F-11D3-BF4B-00C04F79EFBC}") = "chapter1", "Chapter1\chapter1.csproj", "{5FB42852-593C-4DBE-9369-E2455B694938}"
EndProject
Project("{FAE04EC0-301F-11D3-BF4B-00C04F79EFBC}") = "Chapter2", "Chapter2\Chapter2.csproj", "{8CD75D9B-ED21-42D5-8452-CF27F51817D7}"
EndProject
Project("{FAE04EC0-301F-11D3-BF4B-00C04F79EFBC}") = "Chapter3", "Chapter3\Chapter3.csproj", "{010600F5-2978-49E4-8006-7D8A0C3101F8}"
EndProject
Project("{FAE04EC0-301F-11D3-BF4B-00C04F79EFBC}") = "chapter4", "chapter4\chapter4.csproj", "{069F02E3-6016-4926-AF5F-8F2C1089D5B8}"
EndProject
Project("{2150E333-8FDC-42A3-9474-1A3956D46DE8}") = "chap1", "chap1", "{B81EF829-466E-4154-B19B-5F55AE97BAD7}"
EndProject
Project("{2150E333-8FDC-42A3-9474-1A3956D46DE8}") = "chap2", "chap2", "{03159CA8-AC32-46D5-A913-DDDB6CA8D323}"
EndProject
Project("{2150E333-8FDC-42A3-9474-1A3956D46DE8}") = "chap3", "chap3", "{8456221B-0A10-4E86-8F56-6B6F1A01001B}"
EndProject
Project("{2150E333-8FDC-42A3-9474-1A3956D46DE8}") = "chap4", "chap4", "{CEF45A18-6842-4CB9-9FDF-F23CC4783CA9}"
EndProject
Project("{2150E333-8FDC-42A3-9474-1A3956D46DE8}") = "chap5", "chap5", "{05A0B20C-C46D-4114-8D2D-571AE6740E02}"
EndProject
Project("{FAE04EC0-301F-11D3-BF4B-00C04F79EFBC}") = "ConsoleApp1", "ConsoleApp1\ConsoleApp1.csproj", "{BE06AC8D-FDB2-43DB-B602-E0ED465462D1}"
EndProject
Project("{FAE04EC0-301F-11D3-BF4B-00C04F79EFBC}") = "classes partielles", "classes partielles\classes partielles.csproj", "{3099F8A7-B8F6-47BE-84C3-2DDDD500DCFC}"
EndProject
Project("{2150E333-8FDC-42A3-9474-1A3956D46DE8}") = "chap6", "chap6", "{8BE7F9C2-38E8-49B9-B156-735230FE9FBA}"
EndProject
Project("{FAE04EC0-301F-11D3-BF4B-00C04F79EFBC}") = "Heritage", "Heritage\Heritage.csproj", "{9DD66798-F940-47C9-9C30-DFB63FE28A9B}"
EndProject
Project("{FAE04EC0-301F-11D3-BF4B-00C04F79EFBC}") = "PolyMorphisme", "PolyMorphisme\PolyMorphisme.csproj", "{1698FEBE-A013-4050-BE27-B060C847F5EB}"
EndProject
Project("{FAE04EC0-301F-11D3-BF4B-00C04F79EFBC}") = "Classes Abstraites", "Classes Abstraites\Classes Abstraites.csproj", "{65133634-F7E8-4561-B2F4-4E10DB3F2757}"
EndProject
Project("{FAE04EC0-301F-11D3-BF4B-00C04F79EFBC}") = "Interface", "Interface\Interface.csproj", "{0DE116A0-ECA2-429C-A937-36B8486B80A1}"
EndProject
Project("{2150E333-8FDC-42A3-9474-1A3956D46DE8}") = "chap7", "chap7", "{BA996FD8-5360-4857-8AF4-AE1EA8EC93D8}"
EndProject
Project("{FAE04EC0-301F-11D3-BF4B-00C04F79EFBC}") = "Delegate", "Delegate\Delegate.csproj", "{A242B17B-A115-4328-978D-7BC5938B7CBD}"
EndProject
Project("{FAE04EC0-301F-11D3-BF4B-00C04F79EFBC}") = "Programmation évènementielle", "Programmation évènementielle\Programmation évènementielle.csproj", "{D49E7465-3571-4120-A01D-7FCA1C886449}"
EndProject
Project("{FAE04EC0-301F-11D3-BF4B-00C04F79EFBC}") = "Evenement TeacherSick", "Evenement TeacherSick\Evenement TeacherSick.csproj", "{7BA04B5F-E9E5-4AB7-88FD-8977E1BA2E56}"
EndProject
Project("{2150E333-8FDC-42A3-9474-1A3956D46DE8}") = "projet", "projet", "{476F9086-8B96-4780-9F96-840ED9E9D8D4}"
EndProject
Project("{FAE04EC0-301F-11D3-BF4B-00C04F79EFBC}") = "Model", "Model\Model.csproj", "{3085D414-2FAB-4AA2-B519-9B7E61E0B30D}"
EndProject
Project("{FAE04EC0-301F-11D3-BF4B-00C04F79EFBC}") = "DAL", "Dao\DAL.csproj", "{747822FB-7C6B-4CD8-8EB6-0872DA0D5294}"
EndProject
Project("{FAE04EC0-301F-11D3-BF4B-00C04F79EFBC}") = "View", "View\View.csproj", "{57F38B69-417A-4B33-9D2A-33B21DF85C46}"
EndProject
Project("{2150E333-8FDC-42A3-9474-1A3956D46DE8}") = "chap8", "chap8", "{96FB0C8E-CA34-4791-A3A1-210EBC1C26CA}"
EndProject
Project("{FAE04EC0-301F-11D3-BF4B-00C04F79EFBC}") = "ArrayListCours", "ArrayList\ArrayListCours.csproj", "{CA15FDE6-57BA-4375-B094-E00B1384A289}"
EndProject
Global
	GlobalSection(SolutionConfigurationPlatforms) = preSolution
		Debug|Any CPU = Debug|Any CPU
		Release|Any CPU = Release|Any CPU
	EndGlobalSection
	GlobalSection(ProjectConfigurationPlatforms) = postSolution
		{D2F53A96-B013-4A9F-91D8-2DAF17090D43}.Debug|Any CPU.ActiveCfg = Debug|Any CPU
		{D2F53A96-B013-4A9F-91D8-2DAF17090D43}.Debug|Any CPU.Build.0 = Debug|Any CPU
		{D2F53A96-B013-4A9F-91D8-2DAF17090D43}.Release|Any CPU.ActiveCfg = Release|Any CPU
		{D2F53A96-B013-4A9F-91D8-2DAF17090D43}.Release|Any CPU.Build.0 = Release|Any CPU
		{5FB42852-593C-4DBE-9369-E2455B694938}.Debug|Any CPU.ActiveCfg = Debug|Any CPU
		{5FB42852-593C-4DBE-9369-E2455B694938}.Debug|Any CPU.Build.0 = Debug|Any CPU
		{5FB42852-593C-4DBE-9369-E2455B694938}.Release|Any CPU.ActiveCfg = Release|Any CPU
		{5FB42852-593C-4DBE-9369-E2455B694938}.Release|Any CPU.Build.0 = Release|Any CPU
		{8CD75D9B-ED21-42D5-8452-CF27F51817D7}.Debug|Any CPU.ActiveCfg = Debug|Any CPU
		{8CD75D9B-ED21-42D5-8452-CF27F51817D7}.Debug|Any CPU.Build.0 = Debug|Any CPU
		{8CD75D9B-ED21-42D5-8452-CF27F51817D7}.Release|Any CPU.ActiveCfg = Release|Any CPU
		{8CD75D9B-ED21-42D5-8452-CF27F51817D7}.Release|Any CPU.Build.0 = Release|Any CPU
		{010600F5-2978-49E4-8006-7D8A0C3101F8}.Debug|Any CPU.ActiveCfg = Debug|Any CPU
		{010600F5-2978-49E4-8006-7D8A0C3101F8}.Debug|Any CPU.Build.0 = Debug|Any CPU
		{010600F5-2978-49E4-8006-7D8A0C3101F8}.Release|Any CPU.ActiveCfg = Release|Any CPU
		{010600F5-2978-49E4-8006-7D8A0C3101F8}.Release|Any CPU.Build.0 = Release|Any CPU
		{069F02E3-6016-4926-AF5F-8F2C1089D5B8}.Debug|Any CPU.ActiveCfg = Debug|Any CPU
		{069F02E3-6016-4926-AF5F-8F2C1089D5B8}.Debug|Any CPU.Build.0 = Debug|Any CPU
		{069F02E3-6016-4926-AF5F-8F2C1089D5B8}.Release|Any CPU.ActiveCfg = Release|Any CPU
		{069F02E3-6016-4926-AF5F-8F2C1089D5B8}.Release|Any CPU.Build.0 = Release|Any CPU
		{BE06AC8D-FDB2-43DB-B602-E0ED465462D1}.Debug|Any CPU.ActiveCfg = Debug|Any CPU
		{BE06AC8D-FDB2-43DB-B602-E0ED465462D1}.Debug|Any CPU.Build.0 = Debug|Any CPU
		{BE06AC8D-FDB2-43DB-B602-E0ED465462D1}.Release|Any CPU.ActiveCfg = Release|Any CPU
		{BE06AC8D-FDB2-43DB-B602-E0ED465462D1}.Release|Any CPU.Build.0 = Release|Any CPU
		{3099F8A7-B8F6-47BE-84C3-2DDDD500DCFC}.Debug|Any CPU.ActiveCfg = Debug|Any CPU
		{3099F8A7-B8F6-47BE-84C3-2DDDD500DCFC}.Debug|Any CPU.Build.0 = Debug|Any CPU
		{3099F8A7-B8F6-47BE-84C3-2DDDD500DCFC}.Release|Any CPU.ActiveCfg = Release|Any CPU
		{3099F8A7-B8F6-47BE-84C3-2DDDD500DCFC}.Release|Any CPU.Build.0 = Release|Any CPU
		{9DD66798-F940-47C9-9C30-DFB63FE28A9B}.Debug|Any CPU.ActiveCfg = Debug|Any CPU
		{9DD66798-F940-47C9-9C30-DFB63FE28A9B}.Debug|Any CPU.Build.0 = Debug|Any CPU
		{9DD66798-F940-47C9-9C30-DFB63FE28A9B}.Release|Any CPU.ActiveCfg = Release|Any CPU
		{9DD66798-F940-47C9-9C30-DFB63FE28A9B}.Release|Any CPU.Build.0 = Release|Any CPU
		{1698FEBE-A013-4050-BE27-B060C847F5EB}.Debug|Any CPU.ActiveCfg = Debug|Any CPU
		{1698FEBE-A013-4050-BE27-B060C847F5EB}.Debug|Any CPU.Build.0 = Debug|Any CPU
		{1698FEBE-A013-4050-BE27-B060C847F5EB}.Release|Any CPU.ActiveCfg = Release|Any CPU
		{1698FEBE-A013-4050-BE27-B060C847F5EB}.Release|Any CPU.Build.0 = Release|Any CPU
		{65133634-F7E8-4561-B2F4-4E10DB3F2757}.Debug|Any CPU.ActiveCfg = Debug|Any CPU
		{65133634-F7E8-4561-B2F4-4E10DB3F2757}.Debug|Any CPU.Build.0 = Debug|Any CPU
		{65133634-F7E8-4561-B2F4-4E10DB3F2757}.Release|Any CPU.ActiveCfg = Release|Any CPU
		{65133634-F7E8-4561-B2F4-4E10DB3F2757}.Release|Any CPU.Build.0 = Release|Any CPU
		{0DE116A0-ECA2-429C-A937-36B8486B80A1}.Debug|Any CPU.ActiveCfg = Debug|Any CPU
		{0DE116A0-ECA2-429C-A937-36B8486B80A1}.Debug|Any CPU.Build.0 = Debug|Any CPU
		{0DE116A0-ECA2-429C-A937-36B8486B80A1}.Release|Any CPU.ActiveCfg = Release|Any CPU
		{0DE116A0-ECA2-429C-A937-36B8486B80A1}.Release|Any CPU.Build.0 = Release|Any CPU
		{A242B17B-A115-4328-978D-7BC5938B7CBD}.Debug|Any CPU.ActiveCfg = Debug|Any CPU
		{A242B17B-A115-4328-978D-7BC5938B7CBD}.Debug|Any CPU.Build.0 = Debug|Any CPU
		{A242B17B-A115-4328-978D-7BC5938B7CBD}.Release|Any CPU.ActiveCfg = Release|Any CPU
		{A242B17B-A115-4328-978D-7BC5938B7CBD}.Release|Any CPU.Build.0 = Release|Any CPU
		{D49E7465-3571-4120-A01D-7FCA1C886449}.Debug|Any CPU.ActiveCfg = Debug|Any CPU
		{D49E7465-3571-4120-A01D-7FCA1C886449}.Debug|Any CPU.Build.0 = Debug|Any CPU
		{D49E7465-3571-4120-A01D-7FCA1C886449}.Release|Any CPU.ActiveCfg = Release|Any CPU
		{D49E7465-3571-4120-A01D-7FCA1C886449}.Release|Any CPU.Build.0 = Release|Any CPU
		{7BA04B5F-E9E5-4AB7-88FD-8977E1BA2E56}.Debug|Any CPU.ActiveCfg = Debug|Any CPU
		{7BA04B5F-E9E5-4AB7-88FD-8977E1BA2E56}.Debug|Any CPU.Build.0 = Debug|Any CPU
		{7BA04B5F-E9E5-4AB7-88FD-8977E1BA2E56}.Release|Any CPU.ActiveCfg = Release|Any CPU
		{7BA04B5F-E9E5-4AB7-88FD-8977E1BA2E56}.Release|Any CPU.Build.0 = Release|Any CPU
		{3085D414-2FAB-4AA2-B519-9B7E61E0B30D}.Debug|Any CPU.ActiveCfg = Debug|Any CPU
		{3085D414-2FAB-4AA2-B519-9B7E61E0B30D}.Debug|Any CPU.Build.0 = Debug|Any CPU
		{3085D414-2FAB-4AA2-B519-9B7E61E0B30D}.Release|Any CPU.ActiveCfg = Release|Any CPU
		{3085D414-2FAB-4AA2-B519-9B7E61E0B30D}.Release|Any CPU.Build.0 = Release|Any CPU
		{747822FB-7C6B-4CD8-8EB6-0872DA0D5294}.Debug|Any CPU.ActiveCfg = Debug|Any CPU
		{747822FB-7C6B-4CD8-8EB6-0872DA0D5294}.Debug|Any CPU.Build.0 = Debug|Any CPU
		{747822FB-7C6B-4CD8-8EB6-0872DA0D5294}.Release|Any CPU.ActiveCfg = Release|Any CPU
		{747822FB-7C6B-4CD8-8EB6-0872DA0D5294}.Release|Any CPU.Build.0 = Release|Any CPU
		{57F38B69-417A-4B33-9D2A-33B21DF85C46}.Debug|Any CPU.ActiveCfg = Debug|Any CPU
		{57F38B69-417A-4B33-9D2A-33B21DF85C46}.Debug|Any CPU.Build.0 = Debug|Any CPU
		{57F38B69-417A-4B33-9D2A-33B21DF85C46}.Release|Any CPU.ActiveCfg = Release|Any CPU
		{57F38B69-417A-4B33-9D2A-33B21DF85C46}.Release|Any CPU.Build.0 = Release|Any CPU
		{CA15FDE6-57BA-4375-B094-E00B1384A289}.Debug|Any CPU.ActiveCfg = Debug|Any CPU
		{CA15FDE6-57BA-4375-B094-E00B1384A289}.Debug|Any CPU.Build.0 = Debug|Any CPU
		{CA15FDE6-57BA-4375-B094-E00B1384A289}.Release|Any CPU.ActiveCfg = Release|Any CPU
		{CA15FDE6-57BA-4375-B094-E00B1384A289}.Release|Any CPU.Build.0 = Release|Any CPU
	EndGlobalSection
	GlobalSection(SolutionProperties) = preSolution
		HideSolutionNode = FALSE
	EndGlobalSection
	GlobalSection(NestedProjects) = preSolution
		{5FB42852-593C-4DBE-9369-E2455B694938} = {B81EF829-466E-4154-B19B-5F55AE97BAD7}
		{8CD75D9B-ED21-42D5-8452-CF27F51817D7} = {03159CA8-AC32-46D5-A913-DDDB6CA8D323}
		{010600F5-2978-49E4-8006-7D8A0C3101F8} = {8456221B-0A10-4E86-8F56-6B6F1A01001B}
		{069F02E3-6016-4926-AF5F-8F2C1089D5B8} = {CEF45A18-6842-4CB9-9FDF-F23CC4783CA9}
		{BE06AC8D-FDB2-43DB-B602-E0ED465462D1} = {05A0B20C-C46D-4114-8D2D-571AE6740E02}
		{3099F8A7-B8F6-47BE-84C3-2DDDD500DCFC} = {05A0B20C-C46D-4114-8D2D-571AE6740E02}
		{9DD66798-F940-47C9-9C30-DFB63FE28A9B} = {8BE7F9C2-38E8-49B9-B156-735230FE9FBA}
		{1698FEBE-A013-4050-BE27-B060C847F5EB} = {8BE7F9C2-38E8-49B9-B156-735230FE9FBA}
		{65133634-F7E8-4561-B2F4-4E10DB3F2757} = {8BE7F9C2-38E8-49B9-B156-735230FE9FBA}
		{0DE116A0-ECA2-429C-A937-36B8486B80A1} = {8BE7F9C2-38E8-49B9-B156-735230FE9FBA}
		{A242B17B-A115-4328-978D-7BC5938B7CBD} = {BA996FD8-5360-4857-8AF4-AE1EA8EC93D8}
		{D49E7465-3571-4120-A01D-7FCA1C886449} = {BA996FD8-5360-4857-8AF4-AE1EA8EC93D8}
		{7BA04B5F-E9E5-4AB7-88FD-8977E1BA2E56} = {BA996FD8-5360-4857-8AF4-AE1EA8EC93D8}
		{3085D414-2FAB-4AA2-B519-9B7E61E0B30D} = {476F9086-8B96-4780-9F96-840ED9E9D8D4}
		{747822FB-7C6B-4CD8-8EB6-0872DA0D5294} = {476F9086-8B96-4780-9F96-840ED9E9D8D4}
		{57F38B69-417A-4B33-9D2A-33B21DF85C46} = {476F9086-8B96-4780-9F96-840ED9E9D8D4}
		{CA15FDE6-57BA-4375-B094-E00B1384A289} = {96FB0C8E-CA34-4791-A3A1-210EBC1C26CA}
	EndGlobalSection
	GlobalSection(ExtensibilityGlobals) = postSolution
		SolutionGuid = {40CE65AA-3A46-4BE4-B7DF-FE920170FB2A}
	EndGlobalSection
EndGlobal
